
Microsoft Visual Studio Solution File, Format Version 12.00
# Visual Studio Version 17
VisualStudioVersion = 17.7.34221.43
MinimumVisualStudioVersion = 10.0.40219.1
Project("{9A19103F-16F7-4668-BE54-9A1E7A4F7556}") = "P2P.Node", "P2P.Node\P2P.Node.csproj", "{C80C3142-7FD9-4BC3-B315-F1617912B13A}"
EndProject
Global
	GlobalSection(SolutionConfigurationPlatforms) = preSolution
		Debug|Any CPU = Debug|Any CPU
		Release|Any CPU = Release|Any CPU
	EndGlobalSection
	GlobalSection(ProjectConfigurationPlatforms) = postSolution
		{C80C3142-7FD9-4BC3-B315-F1617912B13A}.Debug|Any CPU.ActiveCfg = Debug|Any CPU
		{C80C3142-7FD9-4BC3-B315-F1617912B13A}.Debug|Any CPU.Build.0 = Debug|Any CPU
		{C80C3142-7FD9-4BC3-B315-F1617912B13A}.Release|Any CPU.ActiveCfg = Release|Any CPU
		{C80C3142-7FD9-4BC3-B315-F1617912B13A}.Release|Any CPU.Build.0 = Release|Any CPU
	EndGlobalSection
	GlobalSection(SolutionProperties) = preSolution
		HideSolutionNode = FALSE
	EndGlobalSection
	GlobalSection(ExtensibilityGlobals) = postSolution
		SolutionGuid = {94932769-6685-4022-BDEF-AF0763B96FCE}
	EndGlobalSection
EndGlobal
